<Project xmlns="http://schemas.microsoft.com/developer/msbuild/2003">
    <PropertyGroup>
        <ProjectGuid>{73514B8B-3EEA-4370-B60B-5848005AC66D}</ProjectGuid>
        <ProjectVersion>20.2</ProjectVersion>
        <FrameworkType>None</FrameworkType>
        <Base>True</Base>
        <Config Condition="'$(Config)'==''">Debug</Config>
        <Platform Condition="'$(Platform)'==''">Win32</Platform>
        <ProjectName Condition="'$(ProjectName)'==''">AdventOfCode17</ProjectName>
        <TargetedPlatforms>1</TargetedPlatforms>
        <AppType>Console</AppType>
        <MainSource>AdventOfCode17.dpr</MainSource>
    </PropertyGroup>
    <PropertyGroup Condition="'$(Config)'=='Base' or '$(Base)'!=''">
        <Base>true</Base>
    </PropertyGroup>
    <PropertyGroup Condition="('$(Platform)'=='Linux64' and '$(Base)'=='true') or '$(Base_Linux64)'!=''">
        <Base_Linux64>true</Base_Linux64>
        <CfgParent>Base</CfgParent>
        <Base>true</Base>
    </PropertyGroup>
    <PropertyGroup Condition="('$(Platform)'=='Win32' and '$(Base)'=='true') or '$(Base_Win32)'!=''">
        <Base_Win32>true</Base_Win32>
        <CfgParent>Base</CfgParent>
        <Base>true</Base>
    </PropertyGroup>
    <PropertyGroup Condition="('$(Platform)'=='Win64' and '$(Base)'=='true') or '$(Base_Win64)'!=''">
        <Base_Win64>true</Base_Win64>
        <CfgParent>Base</CfgParent>
        <Base>true</Base>
    </PropertyGroup>
    <PropertyGroup Condition="'$(Config)'=='Debug' or '$(Cfg_1)'!=''">
        <Cfg_1>true</Cfg_1>
        <CfgParent>Base</CfgParent>
        <Base>true</Base>
    </PropertyGroup>
    <PropertyGroup Condition="('$(Platform)'=='Win32' and '$(Cfg_1)'=='true') or '$(Cfg_1_Win32)'!=''">
        <Cfg_1_Win32>true</Cfg_1_Win32>
        <CfgParent>Cfg_1</CfgParent>
        <Cfg_1>true</Cfg_1>
        <Base>true</Base>
    </PropertyGroup>
    <PropertyGroup Condition="'$(Config)'=='Release' or '$(Cfg_2)'!=''">
        <Cfg_2>true</Cfg_2>
        <CfgParent>Base</CfgParent>
        <Base>true</Base>
    </PropertyGroup>
    <PropertyGroup Condition="'$(Base)'!=''">
        <DCC_DcuOutput>.\$(Platform)\$(Config)</DCC_DcuOutput>
        <DCC_ExeOutput>.\$(Platform)\$(Config)</DCC_ExeOutput>
        <DCC_E>false</DCC_E>
        <DCC_N>false</DCC_N>
        <DCC_S>false</DCC_S>
        <DCC_F>false</DCC_F>
        <DCC_K>false</DCC_K>
        <DCC_Namespace>System;Xml;Data;Datasnap;Web;Soap;$(DCC_Namespace)</DCC_Namespace>
        <SanitizedProjectName>AdventOfCode17</SanitizedProjectName>
    </PropertyGroup>
    <PropertyGroup Condition="'$(Base_Linux64)'!=''">
        <DCC_UsePackage>DataSnapServer;fmx;DbxCommonDriver;bindengine;FireDACCommonODBC;emsclient;dxComnRS29;IndyProtocols;siInternetTranslator_12r;dbxcds;FireDACSqliteDriver;DbxClientDriver;soapmidas;dbexpress;Python;inet;CustomIPTransport;FireDACMSSQLDriver;IndySystem;dxGDIPlusRS29;FireDACCommon;DataSnapServerMidas;FireDACODBCDriver;emsserverresource;rtl;FireDACMySQLDriver;DataSnapFireDAC;FireDAC;xmlrtl;P4DEnvironment;dsnap;FireDACDb2Driver;DataSnapNativeClient;DatasnapConnectorsFreePascal;sgcWebSocketsD12;emshosting;FireDACCommonDriver;emsedge;inetdb;FireDACASADriver;FireDACInfxDriver;P4DPyPackage;DataSnapCommon;dbrtl;FireDACOracleDriver;DataSnapIndy10ServerTransport;DataSnapConnectors;FireDACMongoDBDriver;FireDACTDataDriver;bindcomp;inetstn;IndyCore;RESTBackendComponents;TsiLang_12r;FireDACADSDriver;RESTComponents;dsnapxml;DataSnapClient;dxCoreRS29;emsclientfiredac;FireDACPgDriver;CloudService;soaprtl;soapserver;FireDACIBDriver;$(DCC_UsePackage)</DCC_UsePackage>
    </PropertyGroup>
    <PropertyGroup Condition="'$(Base_Win32)'!=''">
        <DCC_UsePackage>vclwinx;DataSnapServer;bdertl;fmx;vclie;DbxCommonDriver;bindengine;IndyIPCommon;VCLRESTComponents;DBXMSSQLDriver;FireDACCommonODBC;emsclient;dxComnRS29;appanalytics;IndyProtocols;vclx;Skia.Package.RTL;siInternetTranslator_12r;dbxcds;vcledge;IcsCommonD12Run;FmxTeeUI;DBXFirebirdDriver;FireDACSqliteDriver;DbxClientDriver;JclVcl;soapmidas;TeeUI;Jcl;dbexpress;Python;inet;PythonVcl;vcltouch;FireDACDBXDriver;fmxdae;JvCustom;CustomIPTransport;FireDACMSSQLDriver;JvSystem;Abbrevia;JvControls;JvMM;IndySystem;dxGDIPlusRS29;ibxbindings;VirtualTreesR;vclFireDAC;FireDACCommon;DataSnapServerMidas;FireDACODBCDriver;emsserverresource;bindcompdbx;rtl;FireDACMySQLDriver;dxServerModeRS29;DBXSqliteDriver;kbmMemRunD12Std;DBXSybaseASEDriver;vclimg;DataSnapFireDAC;inetdbxpress;FireDAC;xmlrtl;P4DEnvironment;ibxpress;dsnap;FireDACDb2Driver;DBXOracleDriver;DBXInformixDriver;vclib;fmxobj;bindcompvclsmp;DataSnapNativeClient;DatasnapConnectorsFreePascal;dxmdsRS29;sgcWebSocketsD12;emshosting;FireDACCommonDriver;IndyIPClient;bindcompvclwinx;emsedge;bindcompfmx;inetdb;ibmonitor;FireDACASADriver;Tee;vclSvComV8D29;vclactnband;fmxFireDAC;FireDACInfxDriver;P4DPyPackage;DBXMySQLDriver;VclSmp;SynEdit_R12;DataSnapCommon;fmxase;DBXOdbcDriver;dbrtl;FireDACOracleDriver;Skia.Package.FMX;TeeDB;FireDACMSAccDriver;cxGridRS29;DataSnapIndy10ServerTransport;JclDeveloperTools;DataSnapConnectors;vcldsnap;DBXInterBaseDriver;AsyncPro;FireDACMongoDBDriver;FireDACTDataDriver;cxLibraryRS29;Skia.Package.VCL;vcldb;JvCore;bindcomp;cxExportRS29;inetstn;IndyCore;RESTBackendComponents;AbbreviaVCL;TsiLang_12r;FireDACADSDriver;RESTComponents;IndyIPServer;vcl;dsnapxml;adortl;dsnapcon;DataSnapClient;DataSnapProviderClient;dxCoreRS29;UIRibbonPackage;JvHMI;DBXDb2Driver;emsclientfiredac;FireDACPgDriver;FireDACDSDriver;tethering;JvStdCtrls;DragDropD12;bindcompvcl;CloudService;DBXSybaseASADriver;FMXTee;soaprtl;soapserver;FireDACIBDriver;$(DCC_UsePackage)</DCC_UsePackage>
        <DCC_Namespace>Winapi;System.Win;Data.Win;Datasnap.Win;Web.Win;Soap.Win;Xml.Win;Bde;$(DCC_Namespace)</DCC_Namespace>
        <BT_BuildType>Debug</BT_BuildType>
        <VerInfo_Keys>CompanyName=;FileDescription=$(MSBuildProjectName);FileVersion=1.0.0.0;InternalName=;LegalCopyright=;LegalTrademarks=;OriginalFilename=;ProgramID=com.embarcadero.$(MSBuildProjectName);ProductName=$(MSBuildProjectName);ProductVersion=1.0.0.0;Comments=</VerInfo_Keys>
        <VerInfo_Locale>1033</VerInfo_Locale>
        <DCC_ConsoleTarget>true</DCC_ConsoleTarget>
        <UWP_DelphiLogo44>$(BDS)\bin\Artwork\Windows\UWP\delphi_UwpDefault_44.png</UWP_DelphiLogo44>
        <UWP_DelphiLogo150>$(BDS)\bin\Artwork\Windows\UWP\delphi_UwpDefault_150.png</UWP_DelphiLogo150>
    </PropertyGroup>
    <PropertyGroup Condition="'$(Base_Win64)'!=''">
        <DCC_UsePackage>vclwinx;DataSnapServer;fmx;vclie;DbxCommonDriver;bindengine;IndyIPCommon;VCLRESTComponents;DBXMSSQLDriver;FireDACCommonODBC;emsclient;appanalytics;IndyProtocols;vclx;dbxcds;vcledge;IcsCommonD12Run;FmxTeeUI;DBXFirebirdDriver;FireDACSqliteDriver;DbxClientDriver;soapmidas;TeeUI;dbexpress;Python;inet;PythonVcl;vcltouch;FireDACDBXDriver;fmxdae;CustomIPTransport;FireDACMSSQLDriver;Abbrevia;IndySystem;ibxbindings;VirtualTreesR;vclFireDAC;FireDACCommon;DataSnapServerMidas;FireDACODBCDriver;emsserverresource;bindcompdbx;rtl;FireDACMySQLDriver;dxServerModeRS29;DBXSqliteDriver;DBXSybaseASEDriver;vclimg;DataSnapFireDAC;inetdbxpress;FireDAC;xmlrtl;P4DEnvironment;ibxpress;dsnap;FireDACDb2Driver;DBXOracleDriver;DBXInformixDriver;vclib;fmxobj;bindcompvclsmp;DataSnapNativeClient;DatasnapConnectorsFreePascal;dxmdsRS29;sgcWebSocketsD12;emshosting;FireDACCommonDriver;IndyIPClient;bindcompvclwinx;emsedge;bindcompfmx;inetdb;ibmonitor;FireDACASADriver;Tee;vclactnband;fmxFireDAC;FireDACInfxDriver;P4DPyPackage;DBXMySQLDriver;VclSmp;DataSnapCommon;fmxase;DBXOdbcDriver;dbrtl;FireDACOracleDriver;TeeDB;FireDACMSAccDriver;cxGridRS29;DataSnapIndy10ServerTransport;DataSnapConnectors;vcldsnap;DBXInterBaseDriver;FireDACMongoDBDriver;FireDACTDataDriver;cxLibraryRS29;Skia.Package.VCL;vcldb;bindcomp;cxExportRS29;inetstn;IndyCore;RESTBackendComponents;AbbreviaVCL;FireDACADSDriver;RESTComponents;IndyIPServer;vcl;dsnapxml;adortl;dsnapcon;DataSnapClient;DataSnapProviderClient;DBXDb2Driver;emsclientfiredac;FireDACPgDriver;FireDACDSDriver;tethering;bindcompvcl;CloudService;DBXSybaseASADriver;FMXTee;soaprtl;soapserver;FireDACIBDriver;$(DCC_UsePackage)</DCC_UsePackage>
        <DCC_ConsoleTarget>true</DCC_ConsoleTarget>
        <UWP_DelphiLogo44>$(BDS)\bin\Artwork\Windows\UWP\delphi_UwpDefault_44.png</UWP_DelphiLogo44>
        <UWP_DelphiLogo150>$(BDS)\bin\Artwork\Windows\UWP\delphi_UwpDefault_150.png</UWP_DelphiLogo150>
    </PropertyGroup>
    <PropertyGroup Condition="'$(Cfg_1)'!=''">
        <DCC_Define>DEBUG;$(DCC_Define)</DCC_Define>
        <DCC_DebugDCUs>true</DCC_DebugDCUs>
        <DCC_Optimize>false</DCC_Optimize>
        <DCC_GenerateStackFrames>true</DCC_GenerateStackFrames>
        <DCC_DebugInfoInExe>true</DCC_DebugInfoInExe>
        <DCC_RemoteDebug>true</DCC_RemoteDebug>
        <DCC_IntegerOverflowCheck>true</DCC_IntegerOverflowCheck>
        <DCC_RangeChecking>true</DCC_RangeChecking>
    </PropertyGroup>
    <PropertyGroup Condition="'$(Cfg_1_Win32)'!=''">
        <DCC_RemoteDebug>false</DCC_RemoteDebug>
    </PropertyGroup>
    <PropertyGroup Condition="'$(Cfg_2)'!=''">
        <DCC_LocalDebugSymbols>false</DCC_LocalDebugSymbols>
        <DCC_Define>RELEASE;$(DCC_Define)</DCC_Define>
        <DCC_SymbolReferenceInfo>0</DCC_SymbolReferenceInfo>
        <DCC_DebugInformation>0</DCC_DebugInformation>
    </PropertyGroup>
    <ItemGroup>
        <DelphiCompile Include="$(MainSource)">
            <MainSource>MainSource</MainSource>
        </DelphiCompile>
        <BuildConfiguration Include="Base">
            <Key>Base</Key>
        </BuildConfiguration>
        <BuildConfiguration Include="Debug">
            <Key>Cfg_1</Key>
            <CfgParent>Base</CfgParent>
        </BuildConfiguration>
        <BuildConfiguration Include="Release">
            <Key>Cfg_2</Key>
            <CfgParent>Base</CfgParent>
        </BuildConfiguration>
    </ItemGroup>
    <ProjectExtensions>
        <Borland.Personality>Delphi.Personality.12</Borland.Personality>
        <Borland.ProjectType>Application</Borland.ProjectType>
        <BorlandProject>
            <Delphi.Personality>
                <Source>
                    <Source Name="MainSource">AdventOfCode17.dpr</Source>
                </Source>
            </Delphi.Personality>
            <Deployment Version="5"/>
            <Platforms>
                <Platform value="Linux64">False</Platform>
                <Platform value="Win32">True</Platform>
                <Platform value="Win64">False</Platform>
            </Platforms>
        </BorlandProject>
        <ProjectFileVersion>12</ProjectFileVersion>
    </ProjectExtensions>
    <Import Project="$(BDS)\Bin\CodeGear.Delphi.Targets" Condition="Exists('$(BDS)\Bin\CodeGear.Delphi.Targets')"/>
    <Import Project="$(APPDATA)\Embarcadero\$(BDSAPPDATABASEDIR)\$(PRODUCTVERSION)\UserTools.proj" Condition="Exists('$(APPDATA)\Embarcadero\$(BDSAPPDATABASEDIR)\$(PRODUCTVERSION)\UserTools.proj')"/>
    <Import Project="$(MSBuildProjectName).deployproj" Condition="Exists('$(MSBuildProjectName).deployproj')"/>
</Project>
